
Microsoft Visual Studio Solution File, Format Version 11.00
# Visual Studio 2010
Project("{8BC9CEB8-8B4A-11D0-8D11-00A0C91BC942}") = "Starterkit", "Starterkit.vcxproj", "{F0A40841-6A2A-4720-9C22-6E5A1DD656B7}"
EndProject
Global
	GlobalSection(SolutionConfigurationPlatforms) = preSolution
		Debug|Win32 = Debug|Win32
		Release|Win32 = Release|Win32
	EndGlobalSection
	GlobalSection(ProjectConfigurationPlatforms) = postSolution
		{F0A40841-6A2A-4720-9C22-6E5A1DD656B7}.Debug|Win32.ActiveCfg = Debug|Win32
		{F0A40841-6A2A-4720-9C22-6E5A1DD656B7}.Debug|Win32.Build.0 = Debug|Win32
		{F0A40841-6A2A-4720-9C22-6E5A1DD656B7}.Release|Win32.ActiveCfg = Release|Win32
		{F0A40841-6A2A-4720-9C22-6E5A1DD656B7}.Release|Win32.Build.0 = Release|Win32
	EndGlobalSection
	GlobalSection(SolutionProperties) = preSolution
		HideSolutionNode = FALSE
	EndGlobalSection
EndGlobal
